
Microsoft Visual Studio Solution File, Format Version 12.00
# Visual Studio Version 16
VisualStudioVersion = 16.0.32802.440
MinimumVisualStudioVersion = 10.0.40219.1
Project("{FAE04EC0-301F-11D3-BF4B-00C04F79EFBC}") = "ConsoleAppOOPs", "ConsoleAppOOPs\ConsoleAppOOPs.csproj", "{B6972503-CF22-45C2-8DFA-06E529FD957B}"
EndProject
Global
	GlobalSection(SolutionConfigurationPlatforms) = preSolution
		Debug|Any CPU = Debug|Any CPU
		Release|Any CPU = Release|Any CPU
	EndGlobalSection
	GlobalSection(ProjectConfigurationPlatforms) = postSolution
		{B6972503-CF22-45C2-8DFA-06E529FD957B}.Debug|Any CPU.ActiveCfg = Debug|Any CPU
		{B6972503-CF22-45C2-8DFA-06E529FD957B}.Debug|Any CPU.Build.0 = Debug|Any CPU
		{B6972503-CF22-45C2-8DFA-06E529FD957B}.Release|Any CPU.ActiveCfg = Release|Any CPU
		{B6972503-CF22-45C2-8DFA-06E529FD957B}.Release|Any CPU.Build.0 = Release|Any CPU
	EndGlobalSection
	GlobalSection(SolutionProperties) = preSolution
		HideSolutionNode = FALSE
	EndGlobalSection
	GlobalSection(ExtensibilityGlobals) = postSolution
		SolutionGuid = {1771F150-0FF7-4CDB-952D-19F41D59451B}
	EndGlobalSection
EndGlobal
